github.com/amazon-sellers-tool/utilities v0.0.0-20190616072335-d5476a0aeaf2 h1:BAZhGGlorCCltZt0hUs6hxFB+If4U6Wrm9LaZOCVtso=
github.com/amazon-sellers-tool/utilities v0.0.0-20190616072836-e8177b86dac7 h1:6eUwrklRYGm1jLtRAkP3/CQbH12yzZcmOWKu+U3vrdc=
github.com/amazon-sellers-tool/utilities/GetSnapshot v0.0.0-20190616072335-d5476a0aeaf2 h1:KgNQVxpdMjp3uEa0+ChYIbF008wpzLaTZbtt3157H6Q=
github.com/amazon-sellers-tool/utilities/GetSnapshot v0.0.0-20190616072836-e8177b86dac7 h1:4cHrd6vhTBlYS0UwYk7Or7vDqbx3UqrghVUCgZv0bQ8=
